// !$*UTF8*$!
{
	archiveVersion = 1;
	classes = {
	};
	objectVersion = 46;
	objects = {

/* Begin PBXBuildFile section */
		DE3DC2401AD83F68005FCF78 /* AppDelegate.swift in Sources */ = {isa = PBXBuildFile; fileRef = DE3DC23F1AD83F68005FCF78 /* AppDelegate.swift */; };
		DE3DC2421AD83F68005FCF78 /* ViewController.swift in Sources */ = {isa = PBXBuildFile; fileRef = DE3DC2411AD83F68005FCF78 /* ViewController.swift */; };
		DE3DC2451AD83F68005FCF78 /* Main.storyboard in Resources */ = {isa = PBXBuildFile; fileRef = DE3DC2431AD83F68005FCF78 /* Main.storyboard */; };
		DE3DC2471AD83F68005FCF78 /* Images.xcassets in Resources */ = {isa = PBXBuildFile; fileRef = DE3DC2461AD83F68005FCF78 /* Images.xcassets */; };
		DE3DC24A1AD83F68005FCF78 /* LaunchScreen.xib in Resources */ = {isa = PBXBuildFile; fileRef = DE3DC2481AD83F68005FCF78 /* LaunchScreen.xib */; };
		DE3DC2561AD83F68005FCF78 /* CalculatorTests.swift in Sources */ = {isa = PBXBuildFile; fileRef = DE3DC2551AD83F68005FCF78 /* CalculatorTests.swift */; };
		DE5294A01AE2C98300A4165A /* CalculatorBrain.swift in Sources */ = {isa = PBXBuildFile; fileRef = DE52949F1AE2C98300A4165A /* CalculatorBrain.swift */; };
/* End PBXBuildFile section */

/* Begin PBXContainerItemProxy section */
		DE3DC2501AD83F68005FCF78 /* PBXContainerItemProxy */ = {
			isa = PBXContainerItemProxy;
			containerPortal = DE3DC2321AD83F67005FCF78 /* Project object */;
			proxyType = 1;
			remoteGlobalIDString = DE3DC2391AD83F67005FCF78;
			remoteInfo = Calculator;
		};
/* End PBXContainerItemProxy section */

/* Begin PBXFileReference section */
		DE3DC23A1AD83F68005FCF78 /* Calculator.app */ = {isa = PBXFileReference; explicitFileType = wrapper.application; includeInIndex = 0; path = Calculator.app; sourceTree = BUILT_PRODUCTS_DIR; };
		DE3DC23E1AD83F68005FCF78 /* Info.plist */ = {isa = PBXFileReference; lastKnownFileType = text.plist.xml; path = Info.plist; sourceTree = "<group>"; };
		DE3DC23F1AD83F68005FCF78 /* AppDelegate.swift */ = {isa = PBXFileReference; lastKnownFileType = sourcecode.swift; path = AppDelegate.swift; sourceTree = "<group>"; };
		DE3DC2411AD83F68005FCF78 /* ViewController.swift */ = {isa = PBXFileReference; lastKnownFileType = sourcecode.swift; path = ViewController.swift; sourceTree = "<group>"; };
		DE3DC2441AD83F68005FCF78 /* Base */ = {isa = PBXFileReference; lastKnownFileType = file.storyboard; name = Base; path = Base.lproj/Main.storyboard; sourceTree = "<group>"; };
		DE3DC2461AD83F68005FCF78 /* Images.xcassets */ = {isa = PBXFileReference; lastKnownFileType = folder.assetcatalog; path = Images.xcassets; sourceTree = "<group>"; };
		DE3DC2491AD83F68005FCF78 /* Base */ = {isa = PBXFileReference; lastKnownFileType = file.xib; name = Base; path = Base.lproj/LaunchScreen.xib; sourceTree = "<group>"; };
		DE3DC24F1AD83F68005FCF78 /* CalculatorTests.xctest */ = {isa = PBXFileReference; explicitFileType = wrapper.cfbundle; includeInIndex = 0; path = CalculatorTests.xctest; sourceTree = BUILT_PRODUCTS_DIR; };
		DE3DC2541AD83F68005FCF78 /* Info.plist */ = {isa = PBXFileReference; lastKnownFileType = text.plist.xml; path = Info.plist; sourceTree = "<group>"; };
		DE3DC2551AD83F68005FCF78 /* CalculatorTests.swift */ = {isa = PBXFileReference; lastKnownFileType = sourcecode.swift; path = CalculatorTests.swift; sourceTree = "<group>"; };
		DE52949F1AE2C98300A4165A /* CalculatorBrain.swift */ = {isa = PBXFileReference; fileEncoding = 4; lastKnownFileType = sourcecode.swift; path = CalculatorBrain.swift; sourceTree = "<group>"; };
/* End PBXFileReference section */

/* Begin PBXFrameworksBuildPhase section */
		DE3DC2371AD83F67005FCF78 /* Frameworks */ = {
			isa = PBXFrameworksBuildPhase;
			buildActionMask = 2147483647;
			files = (
			);
			runOnlyForDeploymentPostprocessing = 0;
		};
		DE3DC24C1AD83F68005FCF78 /* Frameworks */ = {
			isa = PBXFrameworksBuildPhase;
			buildActionMask = 2147483647;
			files = (
			);
			runOnlyForDeploymentPostprocessing = 0;
		};
/* End PBXFrameworksBuildPhase section */

/* Begin PBXGroup section */
		DE3DC2311AD83F67005FCF78 = {
			isa = PBXGroup;
			children = (
				DE3DC23C1AD83F68005FCF78 /* Calculator */,
				DE3DC2521AD83F68005FCF78 /* CalculatorTests */,
				DE3DC23B1AD83F68005FCF78 /* Products */,
			);
			sourceTree = "<group>";
		};
		DE3DC23B1AD83F68005FCF78 /* Products */ = {
			isa = PBXGroup;
			children = (
				DE3DC23A1AD83F68005FCF78 /* Calculator.app */,
				DE3DC24F1AD83F68005FCF78 /* CalculatorTests.xctest */,
			);
			name = Products;
			sourceTree = "<group>";
		};
		DE3DC23C1AD83F68005FCF78 /* Calculator */ = {
			isa = PBXGroup;
			children = (
				DE3DC2411AD83F68005FCF78 /* ViewController.swift */,
				DE3DC2431AD83F68005FCF78 /* Main.storyboard */,
				DE52949F1AE2C98300A4165A /* CalculatorBrain.swift */,
				DE3DC23D1AD83F68005FCF78 /* Supporting Files */,
			);
			path = Calculator;
			sourceTree = "<group>";
		};
		DE3DC23D1AD83F68005FCF78 /* Supporting Files */ = {
			isa = PBXGroup;
			children = (
				DE3DC2481AD83F68005FCF78 /* LaunchScreen.xib */,
				DE3DC23F1AD83F68005FCF78 /* AppDelegate.swift */,
				DE3DC2461AD83F68005FCF78 /* Images.xcassets */,
				DE3DC23E1AD83F68005FCF78 /* Info.plist */,
			);
			name = "Supporting Files";
			sourceTree = "<group>";
		};
		DE3DC2521AD83F68005FCF78 /* CalculatorTests */ = {
			isa = PBXGroup;
			children = (
				DE3DC2551AD83F68005FCF78 /* CalculatorTests.swift */,
				DE3DC2531AD83F68005FCF78 /* Supporting Files */,
			);
			path = CalculatorTests;
			sourceTree = "<group>";
		};
		DE3DC2531AD83F68005FCF78 /* Supporting Files */ = {
			isa = PBXGroup;
			children = (
				DE3DC2541AD83F68005FCF78 /* Info.plist */,
			);
			name = "Supporting Files";
			sourceTree = "<group>";
		};
/* End PBXGroup section */

/* Begin PBXNativeTarget section */
		DE3DC2391AD83F67005FCF78 /* Calculator */ = {
			isa = PBXNativeTarget;
			buildConfigurationList = DE3DC2591AD83F68005FCF78 /* Build configuration list for PBXNativeTarget "Calculator" */;
			buildPhases = (
				DE3DC2361AD83F67005FCF78 /* Sources */,
				DE3DC2371AD83F67005FCF78 /* Frameworks */,
				DE3DC2381AD83F67005FCF78 /* Resources */,
			);
			buildRules = (
			);
			dependencies = (
			);
			name = Calculator;
			productName = Calculator;
			productReference = DE3DC23A1AD83F68005FCF78 /* Calculator.app */;
			productType = "com.apple.product-type.application";
		};
		DE3DC24E1AD83F68005FCF78 /* CalculatorTests */ = {
			isa = PBXNativeTarget;
			buildConfigurationList = DE3DC25C1AD83F68005FCF78 /* Build configuration list for PBXNativeTarget "CalculatorTests" */;
			buildPhases = (
				DE3DC24B1AD83F68005FCF78 /* Sources */,
				DE3DC24C1AD83F68005FCF78 /* Frameworks */,
				DE3DC24D1AD83F68005FCF78 /* Resources */,
			);
			buildRules = (
			);
			dependencies = (
				DE3DC2511AD83F68005FCF78 /* PBXTargetDependency */,
			);
			name = CalculatorTests;
			productName = CalculatorTests;
			productReference = DE3DC24F1AD83F68005FCF78 /* CalculatorTests.xctest */;
			productType = "com.apple.product-type.bundle.unit-test";
		};
/* End PBXNativeTarget section */

/* Begin PBXProject section */
		DE3DC2321AD83F67005FCF78 /* Project object */ = {
			isa = PBXProject;
			attributes = {
				LastUpgradeCheck = 0630;
				ORGANIZATIONNAME = KEVIN;
				TargetAttributes = {
					DE3DC2391AD83F67005FCF78 = {
						CreatedOnToolsVersion = 6.3;
					};
					DE3DC24E1AD83F68005FCF78 = {
						CreatedOnToolsVersion = 6.3;
						TestTargetID = DE3DC2391AD83F67005FCF78;
					};
				};
			};
			buildConfigurationList = DE3DC2351AD83F67005FCF78 /* Build configuration list for PBXProject "Calculator" */;
			compatibilityVersion = "Xcode 3.2";
			developmentRegion = English;
			hasScannedForEncodings = 0;
			knownRegions = (
				en,
				Base,
			);
			mainGroup = DE3DC2311AD83F67005FCF78;
			productRefGroup = DE3DC23B1AD83F68005FCF78 /* Products */;
			projectDirPath = "";
			projectRoot = "";
			targets = (
				DE3DC2391AD83F67005FCF78 /* Calculator */,
				DE3DC24E1AD83F68005FCF78 /* CalculatorTests */,
			);
		};
/* End PBXProject section */

/* Begin PBXResourcesBuildPhase section */
		DE3DC2381AD83F67005FCF78 /* Resources */ = {
			isa = PBXResourcesBuildPhase;
			buildActionMask = 2147483647;
			files = (
				DE3DC2451AD83F68005FCF78 /* Main.storyboard in Resources */,
				DE3DC24A1AD83F68005FCF78 /* LaunchScreen.xib in Resources */,
				DE3DC2471AD83F68005FCF78 /* Images.xcassets in Resources */,
			);
			runOnlyForDeploymentPostprocessing = 0;
		};
		DE3DC24D1AD83F68005FCF78 /* Resources */ = {
			isa = PBXResourcesBuildPhase;
			buildActionMask = 2147483647;
			files = (
			);
			runOnlyForDeploymentPostprocessing = 0;
		};
/* End PBXResourcesBuildPhase section */

/* Begin PBXSourcesBuildPhase section */
		DE3DC2361AD83F67005FCF78 /* Sources */ = {
			isa = PBXSourcesBuildPhase;
			buildActionMask = 2147483647;
			files = (
				DE5294A01AE2C98300A4165A /* CalculatorBrain.swift in Sources */,
				DE3DC2421AD83F68005FCF78 /* ViewController.swift in Sources */,
				DE3DC2401AD83F68005FCF78 /* AppDelegate.swift in Sources */,
			);
			runOnlyForDeploymentPostprocessing = 0;
		};
		DE3DC24B1AD83F68005FCF78 /* Sources */ = {
			isa = PBXSourcesBuildPhase;
			buildActionMask = 2147483647;
			files = (
				DE3DC2561AD83F68005FCF78 /* CalculatorTests.swift in Sources */,
			);
			runOnlyForDeploymentPostprocessing = 0;
		};
/* End PBXSourcesBuildPhase section */

/* Begin PBXTargetDependency section */
		DE3DC2511AD83F68005FCF78 /* PBXTargetDependency */ = {
			isa = PBXTargetDependency;
			target = DE3DC2391AD83F67005FCF78 /* Calculator */;
			targetProxy = DE3DC2501AD83F68005FCF78 /* PBXContainerItemProxy */;
		};
/* End PBXTargetDependency section */

/* Begin PBXVariantGroup section */
		DE3DC2431AD83F68005FCF78 /* Main.storyboard */ = {
			isa = PBXVariantGroup;
			children = (
				DE3DC2441AD83F68005FCF78 /* Base */,
			);
			name = Main.storyboard;
			sourceTree = "<group>";
		};
		DE3DC2481AD83F68005FCF78 /* LaunchScreen.xib */ = {
			isa = PBXVariantGroup;
			children = (
				DE3DC2491AD83F68005FCF78 /* Base */,
			);
			name = LaunchScreen.xib;
			sourceTree = "<group>";
		};
/* End PBXVariantGroup section */

/* Begin XCBuildConfiguration section */
		DE3DC2571AD83F68005FCF78 /* Debug */ = {
			isa = XCBuildConfiguration;
			buildSettings = {
				ALWAYS_SEARCH_USER_PATHS = NO;
				CLANG_CXX_LANGUAGE_STANDARD = "gnu++0x";
				CLANG_CXX_LIBRARY = "libc++";
				CLANG_ENABLE_MODULES = YES;
				CLANG_ENABLE_OBJC_ARC = YES;
				CLANG_WARN_BOOL_CONVERSION = YES;
				CLANG_WARN_CONSTANT_CONVERSION = YES;
				CLANG_WARN_DIRECT_OBJC_ISA_USAGE = YES_ERROR;
				CLANG_WARN_EMPTY_BODY = YES;
				CLANG_WARN_ENUM_CONVERSION = YES;
				CLANG_WARN_INT_CONVERSION = YES;
				CLANG_WARN_OBJC_ROOT_CLASS = YES_ERROR;
				CLANG_WARN_UNREACHABLE_CODE = YES;
				CLANG_WARN__DUPLICATE_METHOD_MATCH = YES;
				"CODE_SIGN_IDENTITY[sdk=iphoneos*]" = "iPhone Developer";
				COPY_PHASE_STRIP = NO;
				DEBUG_INFORMATION_FORMAT = "dwarf-with-dsym";
				ENABLE_STRICT_OBJC_MSGSEND = YES;
				GCC_C_LANGUAGE_STANDARD = gnu99;
				GCC_DYNAMIC_NO_PIC = NO;
				GCC_NO_COMMON_BLOCKS = YES;
				GCC_OPTIMIZATION_LEVEL = 0;
				GCC_PREPROCESSOR_DEFINITIONS = (
					"DEBUG=1",
					"$(inherited)",
				);
				GCC_SYMBOLS_PRIVATE_EXTERN = NO;
				GCC_WARN_64_TO_32_BIT_CONVERSION = YES;
				GCC_WARN_ABOUT_RETURN_TYPE = YES_ERROR;
				GCC_WARN_UNDECLARED_SELECTOR = YES;
				GCC_WARN_UNINITIALIZED_AUTOS = YES_AGGRESSIVE;
				GCC_WARN_UNUSED_FUNCTION = YES;
				GCC_WARN_UNUSED_VARIABLE = YES;
				IPHONEOS_DEPLOYMENT_TARGET = 8.3;
				MTL_ENABLE_DEBUG_INFO = YES;
				ONLY_ACTIVE_ARCH = YES;
				SDKROOT = iphoneos;
				SWIFT_OPTIMIZATION_LEVEL = "-Onone";
				TARGETED_DEVICE_FAMILY = "1,2";
			};
			name = Debug;
		};
		DE3DC2581AD83F68005FCF78 /* Release */ = {
			isa = XCBuildConfiguration;
			buildSettings = {
				ALWAYS_SEARCH_USER_PATHS = NO;
				CLANG_CXX_LANGUAGE_STANDARD = "gnu++0x";
				CLANG_CXX_LIBRARY = "libc++";
				CLANG_ENABLE_MODULES = YES;
				CLANG_ENABLE_OBJC_ARC = YES;
				CLANG_WARN_BOOL_CONVERSION = YES;
				CLANG_WARN_CONSTANT_CONVERSION = YES;
				CLANG_WARN_DIRECT_OBJC_ISA_USAGE = YES_ERROR;
				CLANG_WARN_EMPTY_BODY = YES;
				CLANG_WARN_ENUM_CONVERSION = YES;
				CLANG_WARN_INT_CONVERSION = YES;
				CLANG_WARN_OBJC_ROOT_CLASS = YES_ERROR;
				CLANG_WARN_UNREACHABLE_CODE = YES;
				CLANG_WARN__DUPLICATE_METHOD_MATCH = YES;
				"CODE_SIGN_IDENTITY[sdk=iphoneos*]" = "iPhone Developer";
				COPY_PHASE_STRIP = NO;
				DEBUG_INFORMATION_FORMAT = "dwarf-with-dsym";
				ENABLE_NS_ASSERTIONS = NO;
				ENABLE_STRICT_OBJC_MSGSEND = YES;
				GCC_C_LANGUAGE_STANDARD = gnu99;
				GCC_NO_COMMON_BLOCKS = YES;
				GCC_WARN_64_TO_32_BIT_CONVERSION = YES;
				GCC_WARN_ABOUT_RETURN_TYPE = YES_ERROR;
				GCC_WARN_UNDECLARED_SELECTOR = YES;
				GCC_WARN_UNINITIALIZED_AUTOS = YES_AGGRESSIVE;
				GCC_WARN_UNUSED_FUNCTION = YES;
				GCC_WARN_UNUSED_VARIABLE = YES;
				IPHONEOS_DEPLOYMENT_TARGET = 8.3;
				MTL_ENABLE_DEBUG_INFO = NO;
				SDKROOT = iphoneos;
				TARGETED_DEVICE_FAMILY = "1,2";
				VALIDATE_PRODUCT = YES;
			};
			name = Release;
		};
		DE3DC25A1AD83F68005FCF78 /* Debug */ = {
			isa = XCBuildConfiguration;
			buildSettings = {
				ASSETCATALOG_COMPILER_APPICON_NAME = AppIcon;
				INFOPLIST_FILE = Calculator/Info.plist;
				LD_RUNPATH_SEARCH_PATHS = "$(inherited) @executable_path/Frameworks";
				PRODUCT_NAME = "$(TARGET_NAME)";
			};
			name = Debug;
		};
		DE3DC25B1AD83F68005FCF78 /* Release */ = {
			isa = XCBuildConfiguration;
			buildSettings = {
				ASSETCATALOG_COMPILER_APPICON_NAME = AppIcon;
				INFOPLIST_FILE = Calculator/Info.plist;
				LD_RUNPATH_SEARCH_PATHS = "$(inherited) @executable_path/Frameworks";
				PRODUCT_NAME = "$(TARGET_NAME)";
			};
			name = Release;
		};
		DE3DC25D1AD83F68005FCF78 /* Debug */ = {
			isa = XCBuildConfiguration;
			buildSettings = {
				BUNDLE_LOADER = "$(TEST_HOST)";
				FRAMEWORK_SEARCH_PATHS = (
					"$(SDKROOT)/Developer/Library/Frameworks",
					"$(inherited)",
				);
				GCC_PREPROCESSOR_DEFINITIONS = (
					"DEBUG=1",
					"$(inherited)",
				);
				INFOPLIST_FILE = CalculatorTests/Info.plist;
				LD_RUNPATH_SEARCH_PATHS = "$(inherited) @executable_path/Frameworks @loader_path/Frameworks";
				PRODUCT_NAME = "$(TARGET_NAME)";
				TEST_HOST = "$(BUILT_PRODUCTS_DIR)/Calculator.app/Calculator";
			};
			name = Debug;
		};
		DE3DC25E1AD83F68005FCF78 /* Release */ = {
			isa = XCBuildConfiguration;
			buildSettings = {
				BUNDLE_LOADER = "$(TEST_HOST)";
				FRAMEWORK_SEARCH_PATHS = (
					"$(SDKROOT)/Developer/Library/Frameworks",
					"$(inherited)",
				);
				INFOPLIST_FILE = CalculatorTests/Info.plist;
				LD_RUNPATH_SEARCH_PATHS = "$(inherited) @executable_path/Frameworks @loader_path/Frameworks";
				PRODUCT_NAME = "$(TARGET_NAME)";
				TEST_HOST = "$(BUILT_PRODUCTS_DIR)/Calculator.app/Calculator";
			};
			name = Release;
		};
/* End XCBuildConfiguration section */

/* Begin XCConfigurationList section */
		DE3DC2351AD83F67005FCF78 /* Build configuration list for PBXProject "Calculator" */ = {
			isa = XCConfigurationList;
			buildConfigurations = (
				DE3DC2571AD83F68005FCF78 /* Debug */,
				DE3DC2581AD83F68005FCF78 /* Release */,
			);
			defaultConfigurationIsVisible = 0;
			defaultConfigurationName = Release;
		};
		DE3DC2591AD83F68005FCF78 /* Build configuration list for PBXNativeTarget "Calculator" */ = {
			isa = XCConfigurationList;
			buildConfigurations = (
				DE3DC25A1AD83F68005FCF78 /* Debug */,
				DE3DC25B1AD83F68005FCF78 /* Release */,
			);
			defaultConfigurationIsVisible = 0;
			defaultConfigurationName = Release;
		};
		DE3DC25C1AD83F68005FCF78 /* Build configuration list for PBXNativeTarget "CalculatorTests" */ = {
			isa = XCConfigurationList;
			buildConfigurations = (
				DE3DC25D1AD83F68005FCF78 /* Debug */,
				DE3DC25E1AD83F68005FCF78 /* Release */,
			);
			defaultConfigurationIsVisible = 0;
			defaultConfigurationName = Release;
		};
/* End XCConfigurationList section */
	};
	rootObject = DE3DC2321AD83F67005FCF78 /* Project object */;
}
